
Microsoft Visual Studio Solution File, Format Version 12.00
# Visual Studio Version 16
VisualStudioVersion = 16.0.29926.136
MinimumVisualStudioVersion = 10.0.40219.1
Project("{9A19103F-16F7-4668-BE54-9A1E7A4F7556}") = "Exchange.Web.Presentation", "exchange\Exchange.Web.Presentation.csproj", "{861D6ACF-7F2C-4004-97B4-357997DA6E4D}"
EndProject
Project("{2150E333-8FDC-42A3-9474-1A3956D46DE8}") = "Web", "Web", "{657DA94D-064D-46C2-801F-C2F58DD2E991}"
EndProject
Project("{9A19103F-16F7-4668-BE54-9A1E7A4F7556}") = "Exchange.Web.DataAccess", "Exchange.Web.DataAccess\Exchange.Web.DataAccess.csproj", "{167ED2D0-EFCC-4D29-B919-5F80F8D2E849}"
EndProject
Project("{9A19103F-16F7-4668-BE54-9A1E7A4F7556}") = "Exchange.Web.BusinessLogic", "Exchange.Web.BusinessLogic\Exchange.Web.BusinessLogic.csproj", "{3E21D1E4-3AB0-414B-8865-B98994ACA5EC}"
EndProject
Project("{9A19103F-16F7-4668-BE54-9A1E7A4F7556}") = "Exchange.Web.Shared", "Exchange.Web.Shared\Exchange.Web.Shared.csproj", "{4AE50DE5-32D0-4E33-A8EC-5361C681DCA3}"
EndProject
Project("{2150E333-8FDC-42A3-9474-1A3956D46DE8}") = "Mobile", "Mobile", "{DABB3A7C-4023-4701-A4A9-38307DA7EC75}"
EndProject
Project("{FAE04EC0-301F-11D3-BF4B-00C04F79EFBC}") = "Exchange.Mobile.Android", "Exchange.Mobile\Exchange.Mobile.Android\Exchange.Mobile.Android.csproj", "{6DEC7B14-ADD9-4972-870E-BC3835BD74F1}"
EndProject
Project("{FAE04EC0-301F-11D3-BF4B-00C04F79EFBC}") = "Exchange.Mobile.iOS", "Exchange.Mobile\Exchange.Mobile.iOS\Exchange.Mobile.iOS.csproj", "{7BF67A66-6072-409C-8F5D-4C2D0773F15E}"
EndProject
Project("{FAE04EC0-301F-11D3-BF4B-00C04F79EFBC}") = "Exchange.Mobile", "Exchange.Mobile\Exchange.Mobile\Exchange.Mobile.csproj", "{BE529A73-9AB0-4C05-A4B0-592B3E96C784}"
EndProject
Global
	GlobalSection(SolutionConfigurationPlatforms) = preSolution
		Debug|Any CPU = Debug|Any CPU
		Debug|iPhone = Debug|iPhone
		Debug|iPhoneSimulator = Debug|iPhoneSimulator
		Release|Any CPU = Release|Any CPU
		Release|iPhone = Release|iPhone
		Release|iPhoneSimulator = Release|iPhoneSimulator
	EndGlobalSection
	GlobalSection(ProjectConfigurationPlatforms) = postSolution
		{861D6ACF-7F2C-4004-97B4-357997DA6E4D}.Debug|Any CPU.ActiveCfg = Debug|Any CPU
		{861D6ACF-7F2C-4004-97B4-357997DA6E4D}.Debug|Any CPU.Build.0 = Debug|Any CPU
		{861D6ACF-7F2C-4004-97B4-357997DA6E4D}.Debug|iPhone.ActiveCfg = Debug|Any CPU
		{861D6ACF-7F2C-4004-97B4-357997DA6E4D}.Debug|iPhone.Build.0 = Debug|Any CPU
		{861D6ACF-7F2C-4004-97B4-357997DA6E4D}.Debug|iPhoneSimulator.ActiveCfg = Debug|Any CPU
		{861D6ACF-7F2C-4004-97B4-357997DA6E4D}.Debug|iPhoneSimulator.Build.0 = Debug|Any CPU
		{861D6ACF-7F2C-4004-97B4-357997DA6E4D}.Release|Any CPU.ActiveCfg = Release|Any CPU
		{861D6ACF-7F2C-4004-97B4-357997DA6E4D}.Release|Any CPU.Build.0 = Release|Any CPU
		{861D6ACF-7F2C-4004-97B4-357997DA6E4D}.Release|iPhone.ActiveCfg = Release|Any CPU
		{861D6ACF-7F2C-4004-97B4-357997DA6E4D}.Release|iPhone.Build.0 = Release|Any CPU
		{861D6ACF-7F2C-4004-97B4-357997DA6E4D}.Release|iPhoneSimulator.ActiveCfg = Release|Any CPU
		{861D6ACF-7F2C-4004-97B4-357997DA6E4D}.Release|iPhoneSimulator.Build.0 = Release|Any CPU
		{167ED2D0-EFCC-4D29-B919-5F80F8D2E849}.Debug|Any CPU.ActiveCfg = Debug|Any CPU
		{167ED2D0-EFCC-4D29-B919-5F80F8D2E849}.Debug|Any CPU.Build.0 = Debug|Any CPU
		{167ED2D0-EFCC-4D29-B919-5F80F8D2E849}.Debug|iPhone.ActiveCfg = Debug|Any CPU
		{167ED2D0-EFCC-4D29-B919-5F80F8D2E849}.Debug|iPhone.Build.0 = Debug|Any CPU
		{167ED2D0-EFCC-4D29-B919-5F80F8D2E849}.Debug|iPhoneSimulator.ActiveCfg = Debug|Any CPU
		{167ED2D0-EFCC-4D29-B919-5F80F8D2E849}.Debug|iPhoneSimulator.Build.0 = Debug|Any CPU
		{167ED2D0-EFCC-4D29-B919-5F80F8D2E849}.Release|Any CPU.ActiveCfg = Release|Any CPU
		{167ED2D0-EFCC-4D29-B919-5F80F8D2E849}.Release|Any CPU.Build.0 = Release|Any CPU
		{167ED2D0-EFCC-4D29-B919-5F80F8D2E849}.Release|iPhone.ActiveCfg = Release|Any CPU
		{167ED2D0-EFCC-4D29-B919-5F80F8D2E849}.Release|iPhone.Build.0 = Release|Any CPU
		{167ED2D0-EFCC-4D29-B919-5F80F8D2E849}.Release|iPhoneSimulator.ActiveCfg = Release|Any CPU
		{167ED2D0-EFCC-4D29-B919-5F80F8D2E849}.Release|iPhoneSimulator.Build.0 = Release|Any CPU
		{3E21D1E4-3AB0-414B-8865-B98994ACA5EC}.Debug|Any CPU.ActiveCfg = Debug|Any CPU
		{3E21D1E4-3AB0-414B-8865-B98994ACA5EC}.Debug|Any CPU.Build.0 = Debug|Any CPU
		{3E21D1E4-3AB0-414B-8865-B98994ACA5EC}.Debug|iPhone.ActiveCfg = Debug|Any CPU
		{3E21D1E4-3AB0-414B-8865-B98994ACA5EC}.Debug|iPhone.Build.0 = Debug|Any CPU
		{3E21D1E4-3AB0-414B-8865-B98994ACA5EC}.Debug|iPhoneSimulator.ActiveCfg = Debug|Any CPU
		{3E21D1E4-3AB0-414B-8865-B98994ACA5EC}.Debug|iPhoneSimulator.Build.0 = Debug|Any CPU
		{3E21D1E4-3AB0-414B-8865-B98994ACA5EC}.Release|Any CPU.ActiveCfg = Release|Any CPU
		{3E21D1E4-3AB0-414B-8865-B98994ACA5EC}.Release|Any CPU.Build.0 = Release|Any CPU
		{3E21D1E4-3AB0-414B-8865-B98994ACA5EC}.Release|iPhone.ActiveCfg = Release|Any CPU
		{3E21D1E4-3AB0-414B-8865-B98994ACA5EC}.Release|iPhone.Build.0 = Release|Any CPU
		{3E21D1E4-3AB0-414B-8865-B98994ACA5EC}.Release|iPhoneSimulator.ActiveCfg = Release|Any CPU
		{3E21D1E4-3AB0-414B-8865-B98994ACA5EC}.Release|iPhoneSimulator.Build.0 = Release|Any CPU
		{4AE50DE5-32D0-4E33-A8EC-5361C681DCA3}.Debug|Any CPU.ActiveCfg = Debug|Any CPU
		{4AE50DE5-32D0-4E33-A8EC-5361C681DCA3}.Debug|Any CPU.Build.0 = Debug|Any CPU
		{4AE50DE5-32D0-4E33-A8EC-5361C681DCA3}.Debug|iPhone.ActiveCfg = Debug|Any CPU
		{4AE50DE5-32D0-4E33-A8EC-5361C681DCA3}.Debug|iPhone.Build.0 = Debug|Any CPU
		{4AE50DE5-32D0-4E33-A8EC-5361C681DCA3}.Debug|iPhoneSimulator.ActiveCfg = Debug|Any CPU
		{4AE50DE5-32D0-4E33-A8EC-5361C681DCA3}.Debug|iPhoneSimulator.Build.0 = Debug|Any CPU
		{4AE50DE5-32D0-4E33-A8EC-5361C681DCA3}.Release|Any CPU.ActiveCfg = Release|Any CPU
		{4AE50DE5-32D0-4E33-A8EC-5361C681DCA3}.Release|Any CPU.Build.0 = Release|Any CPU
		{4AE50DE5-32D0-4E33-A8EC-5361C681DCA3}.Release|iPhone.ActiveCfg = Release|Any CPU
		{4AE50DE5-32D0-4E33-A8EC-5361C681DCA3}.Release|iPhone.Build.0 = Release|Any CPU
		{4AE50DE5-32D0-4E33-A8EC-5361C681DCA3}.Release|iPhoneSimulator.ActiveCfg = Release|Any CPU
		{4AE50DE5-32D0-4E33-A8EC-5361C681DCA3}.Release|iPhoneSimulator.Build.0 = Release|Any CPU
		{6DEC7B14-ADD9-4972-870E-BC3835BD74F1}.Debug|Any CPU.ActiveCfg = Debug|Any CPU
		{6DEC7B14-ADD9-4972-870E-BC3835BD74F1}.Debug|Any CPU.Build.0 = Debug|Any CPU
		{6DEC7B14-ADD9-4972-870E-BC3835BD74F1}.Debug|Any CPU.Deploy.0 = Debug|Any CPU
		{6DEC7B14-ADD9-4972-870E-BC3835BD74F1}.Debug|iPhone.ActiveCfg = Debug|Any CPU
		{6DEC7B14-ADD9-4972-870E-BC3835BD74F1}.Debug|iPhone.Build.0 = Debug|Any CPU
		{6DEC7B14-ADD9-4972-870E-BC3835BD74F1}.Debug|iPhone.Deploy.0 = Debug|Any CPU
		{6DEC7B14-ADD9-4972-870E-BC3835BD74F1}.Debug|iPhoneSimulator.ActiveCfg = Debug|Any CPU
		{6DEC7B14-ADD9-4972-870E-BC3835BD74F1}.Debug|iPhoneSimulator.Build.0 = Debug|Any CPU
		{6DEC7B14-ADD9-4972-870E-BC3835BD74F1}.Debug|iPhoneSimulator.Deploy.0 = Debug|Any CPU
		{6DEC7B14-ADD9-4972-870E-BC3835BD74F1}.Release|Any CPU.ActiveCfg = Release|Any CPU
		{6DEC7B14-ADD9-4972-870E-BC3835BD74F1}.Release|Any CPU.Build.0 = Release|Any CPU
		{6DEC7B14-ADD9-4972-870E-BC3835BD74F1}.Release|Any CPU.Deploy.0 = Release|Any CPU
		{6DEC7B14-ADD9-4972-870E-BC3835BD74F1}.Release|iPhone.ActiveCfg = Release|Any CPU
		{6DEC7B14-ADD9-4972-870E-BC3835BD74F1}.Release|iPhone.Build.0 = Release|Any CPU
		{6DEC7B14-ADD9-4972-870E-BC3835BD74F1}.Release|iPhone.Deploy.0 = Release|Any CPU
		{6DEC7B14-ADD9-4972-870E-BC3835BD74F1}.Release|iPhoneSimulator.ActiveCfg = Release|Any CPU
		{6DEC7B14-ADD9-4972-870E-BC3835BD74F1}.Release|iPhoneSimulator.Build.0 = Release|Any CPU
		{6DEC7B14-ADD9-4972-870E-BC3835BD74F1}.Release|iPhoneSimulator.Deploy.0 = Release|Any CPU
		{7BF67A66-6072-409C-8F5D-4C2D0773F15E}.Debug|Any CPU.ActiveCfg = Debug|iPhone
		{7BF67A66-6072-409C-8F5D-4C2D0773F15E}.Debug|iPhone.ActiveCfg = Debug|iPhone
		{7BF67A66-6072-409C-8F5D-4C2D0773F15E}.Debug|iPhone.Build.0 = Debug|iPhone
		{7BF67A66-6072-409C-8F5D-4C2D0773F15E}.Debug|iPhoneSimulator.ActiveCfg = Debug|iPhoneSimulator
		{7BF67A66-6072-409C-8F5D-4C2D0773F15E}.Debug|iPhoneSimulator.Build.0 = Debug|iPhoneSimulator
		{7BF67A66-6072-409C-8F5D-4C2D0773F15E}.Release|Any CPU.ActiveCfg = Release|iPhone
		{7BF67A66-6072-409C-8F5D-4C2D0773F15E}.Release|iPhone.ActiveCfg = Release|iPhone
		{7BF67A66-6072-409C-8F5D-4C2D0773F15E}.Release|iPhone.Build.0 = Release|iPhone
		{7BF67A66-6072-409C-8F5D-4C2D0773F15E}.Release|iPhoneSimulator.ActiveCfg = Release|iPhoneSimulator
		{7BF67A66-6072-409C-8F5D-4C2D0773F15E}.Release|iPhoneSimulator.Build.0 = Release|iPhoneSimulator
		{BE529A73-9AB0-4C05-A4B0-592B3E96C784}.Debug|Any CPU.ActiveCfg = Debug|Any CPU
		{BE529A73-9AB0-4C05-A4B0-592B3E96C784}.Debug|Any CPU.Build.0 = Debug|Any CPU
		{BE529A73-9AB0-4C05-A4B0-592B3E96C784}.Debug|iPhone.ActiveCfg = Debug|Any CPU
		{BE529A73-9AB0-4C05-A4B0-592B3E96C784}.Debug|iPhone.Build.0 = Debug|Any CPU
		{BE529A73-9AB0-4C05-A4B0-592B3E96C784}.Debug|iPhoneSimulator.ActiveCfg = Debug|Any CPU
		{BE529A73-9AB0-4C05-A4B0-592B3E96C784}.Debug|iPhoneSimulator.Build.0 = Debug|Any CPU
		{BE529A73-9AB0-4C05-A4B0-592B3E96C784}.Release|Any CPU.ActiveCfg = Release|Any CPU
		{BE529A73-9AB0-4C05-A4B0-592B3E96C784}.Release|Any CPU.Build.0 = Release|Any CPU
		{BE529A73-9AB0-4C05-A4B0-592B3E96C784}.Release|iPhone.ActiveCfg = Release|Any CPU
		{BE529A73-9AB0-4C05-A4B0-592B3E96C784}.Release|iPhone.Build.0 = Release|Any CPU
		{BE529A73-9AB0-4C05-A4B0-592B3E96C784}.Release|iPhoneSimulator.ActiveCfg = Release|Any CPU
		{BE529A73-9AB0-4C05-A4B0-592B3E96C784}.Release|iPhoneSimulator.Build.0 = Release|Any CPU
	EndGlobalSection
	GlobalSection(SolutionProperties) = preSolution
		HideSolutionNode = FALSE
	EndGlobalSection
	GlobalSection(NestedProjects) = preSolution
		{861D6ACF-7F2C-4004-97B4-357997DA6E4D} = {657DA94D-064D-46C2-801F-C2F58DD2E991}
		{167ED2D0-EFCC-4D29-B919-5F80F8D2E849} = {657DA94D-064D-46C2-801F-C2F58DD2E991}
		{3E21D1E4-3AB0-414B-8865-B98994ACA5EC} = {657DA94D-064D-46C2-801F-C2F58DD2E991}
		{4AE50DE5-32D0-4E33-A8EC-5361C681DCA3} = {657DA94D-064D-46C2-801F-C2F58DD2E991}
		{6DEC7B14-ADD9-4972-870E-BC3835BD74F1} = {DABB3A7C-4023-4701-A4A9-38307DA7EC75}
		{7BF67A66-6072-409C-8F5D-4C2D0773F15E} = {DABB3A7C-4023-4701-A4A9-38307DA7EC75}
		{BE529A73-9AB0-4C05-A4B0-592B3E96C784} = {DABB3A7C-4023-4701-A4A9-38307DA7EC75}
	EndGlobalSection
	GlobalSection(ExtensibilityGlobals) = postSolution
		SolutionGuid = {BC131479-A3DA-44CF-9DEB-2860D18F4716}
	EndGlobalSection
EndGlobal
